github.com/PuerkitoBio/purell v1.1.0/go.mod h1:c11w/QuzBsJSee3cPx9rAFu61PvFxuPbtSwDGJws/X0=
github.com/PuerkitoBio/urlesc v0.0.0-20170810143723-de5bf2ad4578/go.mod h1:uGdkoq3SwY9Y+13GIhn11/XLaGBb4BfwItxLd5jeuXE=
github.com/VividCortex/ewma v1.1.1 h1:MnEK4VOv6n0RSY4vtRe3h11qjxL3+t0B8yOL8iMXdcM=
github.com/VividCortex/ewma v1.1.1/go.mod h1:2Tkkvm3sRDVXaiyucHiACn4cqf7DpdyLvmxzcbUokwA=
github.com/antihax/optional v0.0.0-20180407024304-ca021399b1a6 h1:uZuxRZCz65cG1o6K/xUqImNcYKtmk9ylqaH0itMSvzA=
github.com/antihax/optional v0.0.0-20180407024304-ca021399b1a6/go.mod h1:V8iCPQYkqmusNa815XgQio277wI47sdRh1dUOLdyC6Q=
github.com/asaskevich/govalidator v0.0.0-20180720115003-f9ffefc3facf/go.mod h1:lB+ZfQJz7igIIfQNfa7Ml4HSf2uFQQRzpGGRXenZAgY=
github.com/davecgh/go-spew v1.1.0 h1:ZDRjVQ15GmhC3fiQ8ni8+OwkZQO4DARzQgrnXU1Liz8=
github.com/davecgh/go-spew v1.1.0/go.mod h1:J7Y8YcW2NihsgmVo/mv3lAwl/skON4iLHjSsI+c5H38=
github.com/davecgh/go-spew v1.1.1 h1:vj9j/u1bqnvCEfJOwUhtlOARqs3+rkHYY13jYWTU97c=
github.com/davecgh/go-spew v1.1.1/go.mod h1:J7Y8YcW2NihsgmVo/mv3lAwl/skON4iLHjSsI+c5H38=
github.com/dcos/client-go v0.0.0-20190315175653-763736889b75 h1:Aby7GcT3QIywzVAp676OpZp0Y4HH6V7TnUsgYTZ2y3A=
github.com/dcos/client-go v0.0.0-20190315175653-763736889b75/go.mod h1:dyBl1aNzJ19ktYyJ7trgCrwz0sBzDwaDkKR2mnXqFgU=
github.com/dgrijalva/jwt-go v3.2.0+incompatible h1:7qlOGliEKZXTDg6OTjfoBKDXWrumCAMpl/TFQ4/5kLM=
github.com/dgrijalva/jwt-go v3.2.0+incompatible/go.mod h1:E3ru+11k8xSBh+hMPgOLZmtrrCbhqsmaPHjLKYnJCaQ=
github.com/docker/go-units v0.3.3/go.mod h1:fgPhTUdO+D/Jk86RDLlptpiXQzgHJF7gydDDbaIK4Dk=
github.com/donovanhide/eventsource v0.0.0-20171031113327-3ed64d21fb0b/go.mod h1:56wL82FO0bfMU5RvfXoIwSOP2ggqqxT+tAfNEIyxuHw=
github.com/gambol99/go-marathon v0.7.1/go.mod h1:GLyXJD41gBO/NPKVPGQbhyyC06eugGy15QEZyUkE2/s=
github.com/globalsign/mgo v0.0.0-20180905125535-1ca0a4f7cbcb/go.mod h1:xkRDCp4j0OGD1HRkm4kmhM+pmpv3AKq5SU7GMg4oO/Q=
github.com/globalsign/mgo v0.0.0-20181015135952-eeefdecb41b8/go.mod h1:xkRDCp4j0OGD1HRkm4kmhM+pmpv3AKq5SU7GMg4oO/Q=
github.com/go-openapi/analysis v0.0.0-20180825180245-b006789cd277/go.mod h1:k70tL6pCuVxPJOHXQ+wIac1FUrvNkHolPie/cLEU6hI=
github.com/go-openapi/analysis v0.17.0/go.mod h1:IowGgpVeD0vNm45So8nr+IcQ3pxVtpRoBWb8PVZO0ik=
github.com/go-openapi/analysis v0.17.2/go.mod h1:IowGgpVeD0vNm45So8nr+IcQ3pxVtpRoBWb8PVZO0ik=
github.com/go-openapi/errors v0.17.0/go.mod h1:LcZQpmvG4wyF5j4IhA73wkLFQg+QJXOQHVjmcZxhka0=
github.com/go-openapi/errors v0.17.2/go.mod h1:LcZQpmvG4wyF5j4IhA73wkLFQg+QJXOQHVjmcZxhka0=
github.com/go-openapi/errors v0.18.0/go.mod h1:LcZQpmvG4wyF5j4IhA73wkLFQg+QJXOQHVjmcZxhka0=
github.com/go-openapi/jsonpointer v0.17.0/go.mod h1:cOnomiV+CVVwFLk0A/MExoFMjwdsUdVpsRhURCKh+3M=
github.com/go-openapi/jsonpointer v0.17.2/go.mod h1:cOnomiV+CVVwFLk0A/MExoFMjwdsUdVpsRhURCKh+3M=
github.com/go-openapi/jsonreference v0.17.0/go.mod h1:g4xxGn04lDIRh0GJb5QlpE3HfopLOL6uZrK/VgnsK9I=
github.com/go-openapi/jsonreference v0.17.2/go.mod h1:g4xxGn04lDIRh0GJb5QlpE3HfopLOL6uZrK/VgnsK9I=
github.com/go-openapi/loads v0.17.0/go.mod h1:72tmFy5wsWx89uEVddd0RjRWPZm92WRLhf7AC+0+OOU=
github.com/go-openapi/loads v0.17.2/go.mod h1:72tmFy5wsWx89uEVddd0RjRWPZm92WRLhf7AC+0+OOU=
github.com/go-openapi/runtime v0.0.0-20180920151709-4f900dc2ade9/go.mod h1:6v9a6LTXWQCdL8k1AO3cvqx5OtZY/Y9wKTgaoP6YRfA=
github.com/go-openapi/runtime v0.18.0/go.mod h1:uI6pHuxWYTy94zZxgcwJkUWa9wbIlhteGfloI10GD4U=
github.com/go-openapi/spec v0.17.0/go.mod h1:XkF/MOi14NmjsfZ8VtAKf8pIlbZzyoTvZsdfssdxcBI=
github.com/go-openapi/spec v0.17.2/go.mod h1:XkF/MOi14NmjsfZ8VtAKf8pIlbZzyoTvZsdfssdxcBI=
github.com/go-openapi/strfmt v0.17.0/go.mod h1:P82hnJI0CXkErkXi8IKjPbNBM6lV6+5pLP5l494TcyU=
github.com/go-openapi/strfmt v0.17.2/go.mod h1:P82hnJI0CXkErkXi8IKjPbNBM6lV6+5pLP5l494TcyU=
github.com/go-openapi/strfmt v0.18.0/go.mod h1:P82hnJI0CXkErkXi8IKjPbNBM6lV6+5pLP5l494TcyU=
github.com/go-openapi/swag v0.17.0/go.mod h1:AByQ+nYG6gQg71GINrmuDXCPWdL640yX49/kXLo40Tg=
github.com/go-openapi/swag v0.17.2/go.mod h1:AByQ+nYG6gQg71GINrmuDXCPWdL640yX49/kXLo40Tg=
github.com/go-openapi/swag v0.18.0/go.mod h1:AByQ+nYG6gQg71GINrmuDXCPWdL640yX49/kXLo40Tg=
github.com/go-openapi/validate v0.17.2/go.mod h1:Uh4HdOzKt19xGIGm1qHf/ofbX1YQ4Y+MYsct2VUrAJ4=
github.com/go-openapi/validate v0.18.0/go.mod h1:Uh4HdOzKt19xGIGm1qHf/ofbX1YQ4Y+MYsct2VUrAJ4=
github.com/google/go-querystring v1.0.0/go.mod h1:odCYkC5MyYFN7vkCjXpyrEuKhc/BUO6wN/zVPAxq5ck=
github.com/google/uuid v1.0.0/go.mod h1:TIyPZe4MgqvfeYDBFedMoGGpEw/LqOeaOT+nhxU+yHo=
github.com/google/uuid v1.1.0/go.mod h1:TIyPZe4MgqvfeYDBFedMoGGpEw/LqOeaOT+nhxU+yHo=
github.com/inconshreveable/mousetrap v1.0.0 h1:Z8tu5sraLXCXIcARxBp/8cbvlwVa7Z1NHg9XEKhtSvM=
github.com/inconshreveable/mousetrap v1.0.0/go.mod h1:PxqpIevigyE2G7u3NXJIT2ANytuPF1OarO4DADm73n8=
github.com/konsorten/go-windows-terminal-sequences v1.0.1 h1:mweAR1A6xJ3oS2pRaGiHgQ4OO8tzTaLawm8vnODuwDk=
github.com/konsorten/go-windows-terminal-sequences v1.0.1/go.mod h1:T0+1ngSBFLxvqU3pZ+m/2kptfBszLMUkC4ZK/EgS/cQ=
github.com/mailru/easyjson v0.0.0-20180823135443-60711f1a8329/go.mod h1:C1wdFJiN94OJF2b5HbByQZoLdCWB1Yqtg26g4irojpc=
github.com/mattn/go-isatty v0.0.4 h1:bnP0vzxcAdeI1zdubAl5PjU6zsERjGZb7raWodagDYs=
github.com/mattn/go-isatty v0.0.4/go.mod h1:M+lRXTBqGeGNdLjl/ufCoiOlB5xdOkqRJdNxMWT7Zi4=
github.com/mattn/go-runewidth v0.0.2 h1:UnlwIPBGaTZfPQ6T1IGzPI0EkYAQmT9fAEJ/poFC63o=
github.com/mattn/go-runewidth v0.0.2/go.mod h1:LwmH8dsx7+W8Uxz3IHJYH5QSwggIsqBzpuz5H//U1FU=
github.com/mitchellh/go-homedir v0.0.0-20180801233206-58046073cbff h1:jM4Eo4qMmmcqePS3u6X2lcEELtVuXWkWJIS/pRI3oSk=
github.com/mitchellh/go-homedir v0.0.0-20180801233206-58046073cbff/go.mod h1:SfyaCUpYCn1Vlf4IUYiD9fPX4A5wJrkLzIz1N1q0pr0=
github.com/mitchellh/go-homedir v1.1.0 h1:lukF9ziXFxDFPkA1vsr5zpc1XuPDn/wFntq5mG+4E0Y=
github.com/mitchellh/go-homedir v1.1.0/go.mod h1:SfyaCUpYCn1Vlf4IUYiD9fPX4A5wJrkLzIz1N1q0pr0=
github.com/mitchellh/mapstructure v1.1.2/go.mod h1:FVVH3fgwuzCH5S8UJGiWEs2h04kUh9fWfEaFds41c1Y=
github.com/olekukonko/tablewriter v0.0.0-20180130162743-b8a9be070da4 h1:Mm4XQCBICntJzH8fKglsRuEiFUJYnTnM4BBFvpP5BWs=
github.com/olekukonko/tablewriter v0.0.0-20180130162743-b8a9be070da4/go.mod h1:vsDQFd/mU46D+Z4whnwzcISnGGzXWMclvtLoiIKAKIo=
github.com/pborman/uuid v1.2.0/go.mod h1:X/NO0urCmaxf9VXbdlT7C2Yzkj2IKimNn4k+gtPdI/k=
github.com/pelletier/go-toml v1.1.0 h1:cmiOvKzEunMsAxyhXSzpL5Q1CRKpVv0KQsnAIcSEVYM=
github.com/pelletier/go-toml v1.1.0/go.mod h1:5z9KED0ma1S8pY6P1sdut58dfprrGBbd/94hg7ilaic=
github.com/pelletier/go-toml v1.2.0 h1:T5zMGML61Wp+FlcbWjRDT7yAxhJNAiPPLOFECq181zc=
github.com/pelletier/go-toml v1.2.0/go.mod h1:5z9KED0ma1S8pY6P1sdut58dfprrGBbd/94hg7ilaic=
github.com/pmezard/go-difflib v1.0.0 h1:4DBwDE0NGyQoBHbLQYPwSUPoCMWR5BEzIk/f1lZbAQM=
github.com/pmezard/go-difflib v1.0.0/go.mod h1:iKH77koFhYxTK1pcRnkKkqfTogsbg7gZNVY4sRDYZ/4=
github.com/sirupsen/logrus v1.0.5 h1:8c8b5uO0zS4X6RPl/sd1ENwSkIc0/H2PaHxE3udaE8I=
github.com/sirupsen/logrus v1.0.5/go.mod h1:pMByvHTf9Beacp5x1UXfOR9xyW/9antXMhjMPG0dEzc=
github.com/sirupsen/logrus v1.3.0 h1:hI/7Q+DtNZ2kINb6qt/lS+IyXnHQe9e90POfeewL/ME=
github.com/sirupsen/logrus v1.3.0/go.mod h1:LxeOpSwHxABJmUn/MG1IvRgCAasNZTLOkJPxbbu5VWo=
github.com/spf13/afero v1.1.0 h1:bopulORc2JeYaxfHLvJa5NzxviA9PoWhpiiJkru7Ji4=
github.com/spf13/afero v1.1.0/go.mod h1:j4pytiNVoe2o6bmDsKpLACNPDBIoEAkihy7loJ1B0CQ=
github.com/spf13/afero v1.2.1 h1:qgMbHoJbPbw579P+1zVY+6n4nIFuIchaIjzZ/I/Yq8M=
github.com/spf13/afero v1.2.1/go.mod h1:9ZxEEn6pIJ8Rxe320qSDBk6AsU0r9pR7Q4OcevTdifk=
github.com/spf13/cast v1.2.0 h1:HHl1DSRbEQN2i8tJmtS6ViPyHx35+p51amrdsiTCrkg=
github.com/spf13/cast v1.2.0/go.mod h1:r2rcYCSwa1IExKTDiTfzaxqT2FNHs8hODu4LnUfgKEg=
github.com/spf13/cast v1.3.0 h1:oget//CVOEoFewqQxwr0Ej5yjygnqGkvggSE/gB35Q8=
github.com/spf13/cast v1.3.0/go.mod h1:Qx5cxh0v+4UWYiBimWS+eyWzqEqokIECu5etghLkUJE=
github.com/spf13/cobra v0.0.2 h1:NfkwRbgViGoyjBKsLI0QMDcuMnhM+SBg3T0cGfpvKDE=
github.com/spf13/cobra v0.0.2/go.mod h1:1l0Ry5zgKvJasoi3XT1TypsSe7PqH0Sj9dhYf7v3XqQ=
github.com/spf13/pflag v1.0.1 h1:aCvUg6QPl3ibpQUxyLkrEkCHtPqYJL4x9AuhqVqFis4=
github.com/spf13/pflag v1.0.1/go.mod h1:DYY7MBk1bdzusC3SYhjObp+wFpr4gzcvqqNjLnInEg4=
github.com/stretchr/objx v0.1.0/go.mod h1:HFkY916IF+rwdDfMAkV7OtwuqBVzrE8GR6GFx+wExME=
github.com/stretchr/objx v0.1.1/go.mod h1:HFkY916IF+rwdDfMAkV7OtwuqBVzrE8GR6GFx+wExME=
github.com/stretchr/testify v1.2.1 h1:52QO5WkIUcHGIR7EnGagH88x1bUzqGXTC5/1bDTUQ7U=
github.com/stretchr/testify v1.2.1/go.mod h1:a8OnRcib4nhh0OaRAV+Yts87kKdq0PP7pXfy6kDkUVs=
github.com/stretchr/testify v1.2.2/go.mod h1:a8OnRcib4nhh0OaRAV+Yts87kKdq0PP7pXfy6kDkUVs=
github.com/stretchr/testify v1.3.0 h1:TivCn/peBQ7UY8ooIcPgZFpTNSz0Q2U6UrFlUfqbe0Q=
github.com/stretchr/testify v1.3.0/go.mod h1:M5WIy9Dh21IEIfnGCwXGc5bZfKNJtfHm1UVUgZn+9EI=
github.com/vbauerster/mpb v3.3.3+incompatible h1:4Z/exoN1+T4SKkYQbv5gcszEKnbw3IJ75q3OkoRvu1E=
github.com/vbauerster/mpb v3.3.3+incompatible/go.mod h1:zAHG26FUhVKETRu+MWqYXcI70POlC6N8up9p1dID7SU=
golang.org/x/crypto v0.0.0-20180411161317-d6449816ce06 h1:EOqG0JqGlLr+punVB69jvWCv/ErZKGlC7PMdyHfv+Bc=
golang.org/x/crypto v0.0.0-20180411161317-d6449816ce06/go.mod h1:6SG95UA2DQfeDnfUPMdvaQW0Q7yPrPDi9nlGo2tz2b4=
golang.org/x/crypto v0.0.0-20180904163835-0709b304e793 h1:u+LnwYTOOW7Ukr/fppxEb1Nwz0AtPflrblfvUudpo+I=
golang.org/x/crypto v0.0.0-20180904163835-0709b304e793/go.mod h1:6SG95UA2DQfeDnfUPMdvaQW0Q7yPrPDi9nlGo2tz2b4=
golang.org/x/net v0.0.0-20181005035420-146acd28ed58/go.mod h1:mL1N/T3taQHkDXs73rZJwtUhF3w3ftmwwsq0BUmARs4=
golang.org/x/net v0.0.0-20181201002055-351d144fa1fc/go.mod h1:mL1N/T3taQHkDXs73rZJwtUhF3w3ftmwwsq0BUmARs4=
golang.org/x/sys v0.0.0-20180417080122-b126b21c05a9 h1:zC34QvJe4jA28nBG7zPl4Y8ETiSjS3ag0NJFTGYqDb8=
golang.org/x/sys v0.0.0-20180417080122-b126b21c05a9/go.mod h1:STP8DvDyc/dI5b8T5hshtkjS+E42TnysNCUPdjciGhY=
golang.org/x/sys v0.0.0-20180905080454-ebe1bf3edb33 h1:I6FyU15t786LL7oL/hn43zqTuEGr4PN7F4XJ1p4E3Y8=
golang.org/x/sys v0.0.0-20180905080454-ebe1bf3edb33/go.mod h1:STP8DvDyc/dI5b8T5hshtkjS+E42TnysNCUPdjciGhY=
golang.org/x/text v0.3.0 h1:g61tztE5qeGQ89tm6NTjjM9VPIm088od1l6aSorWRWg=
golang.org/x/text v0.3.0/go.mod h1:NqM8EUOU14njkJ3fqMW+pc6Ldnwhi/IjpwHt7yyuwOQ=
gopkg.in/check.v1 v0.0.0-20161208181325-20d25e280405/go.mod h1:Co6ibVJAznAaIkqp8huTwlJQCZ016jof/cbN4VW5Yz0=
gopkg.in/check.v1 v1.0.0-20180628173108-788fd7840127/go.mod h1:Co6ibVJAznAaIkqp8huTwlJQCZ016jof/cbN4VW5Yz0=
gopkg.in/yaml.v2 v2.2.1/go.mod h1:hI93XBmqTisBFMUTm0b8Fm+jr3Dg1NNxqwp+5A1VGuI=
gopkg.in/yaml.v2 v2.2.2/go.mod h1:hI93XBmqTisBFMUTm0b8Fm+jr3Dg1NNxqwp+5A1VGuI=
