github.com/BurntSushi/toml v0.3.1/go.mod h1:xHWCNGjB5oqiDr8zfno3MHue2Ht5sIBksp03qcyfWMU=
github.com/PuerkitoBio/purell v1.1.0/go.mod h1:c11w/QuzBsJSee3cPx9rAFu61PvFxuPbtSwDGJws/X0=
github.com/PuerkitoBio/purell v1.1.1/go.mod h1:c11w/QuzBsJSee3cPx9rAFu61PvFxuPbtSwDGJws/X0=
github.com/PuerkitoBio/urlesc v0.0.0-20170810143723-de5bf2ad4578/go.mod h1:uGdkoq3SwY9Y+13GIhn11/XLaGBb4BfwItxLd5jeuXE=
github.com/VividCortex/ewma v1.1.1 h1:MnEK4VOv6n0RSY4vtRe3h11qjxL3+t0B8yOL8iMXdcM=
github.com/VividCortex/ewma v1.1.1/go.mod h1:2Tkkvm3sRDVXaiyucHiACn4cqf7DpdyLvmxzcbUokwA=
github.com/antihax/optional v0.0.0-20180407024304-ca021399b1a6 h1:uZuxRZCz65cG1o6K/xUqImNcYKtmk9ylqaH0itMSvzA=
github.com/antihax/optional v0.0.0-20180407024304-ca021399b1a6/go.mod h1:V8iCPQYkqmusNa815XgQio277wI47sdRh1dUOLdyC6Q=
github.com/asaskevich/govalidator v0.0.0-20180720115003-f9ffefc3facf/go.mod h1:lB+ZfQJz7igIIfQNfa7Ml4HSf2uFQQRzpGGRXenZAgY=
github.com/asaskevich/govalidator v0.0.0-20190424111038-f61b66f89f4a/go.mod h1:lB+ZfQJz7igIIfQNfa7Ml4HSf2uFQQRzpGGRXenZAgY=
github.com/davecgh/go-spew v1.1.0 h1:ZDRjVQ15GmhC3fiQ8ni8+OwkZQO4DARzQgrnXU1Liz8=
github.com/davecgh/go-spew v1.1.0/go.mod h1:J7Y8YcW2NihsgmVo/mv3lAwl/skON4iLHjSsI+c5H38=
github.com/davecgh/go-spew v1.1.1 h1:vj9j/u1bqnvCEfJOwUhtlOARqs3+rkHYY13jYWTU97c=
github.com/davecgh/go-spew v1.1.1/go.mod h1:J7Y8YcW2NihsgmVo/mv3lAwl/skON4iLHjSsI+c5H38=
github.com/dcos/client-go v0.0.0-20190418124828-a5c3660ae957 h1:cSXScdOP3VTlXQtG1PefluLn/C94mlKwrRIHHV8QQIk=
github.com/dcos/client-go v0.0.0-20190418124828-a5c3660ae957/go.mod h1:dyBl1aNzJ19ktYyJ7trgCrwz0sBzDwaDkKR2mnXqFgU=
github.com/dcos/client-go v0.0.0-20190509135418-77e5e2d8c202 h1:yD1zCtFFIi+64+RveUS/nm8fXCe3YVwfsZ2UTHzVJ84=
github.com/dcos/client-go v0.0.0-20190509135418-77e5e2d8c202/go.mod h1:wDbV2eOyjoUmqPZ9cxE5VCc/YIPvriRYWWnYnF5bRoA=
github.com/dcos/client-go v0.0.0-20190910161559-e3e16c6d1484 h1:lmN2mFdB7L5wntsIP/T0IRhC0h/umwdcDQeUL+ryKjE=
github.com/dcos/client-go v0.0.0-20190910161559-e3e16c6d1484/go.mod h1:wDbV2eOyjoUmqPZ9cxE5VCc/YIPvriRYWWnYnF5bRoA=
github.com/dgrijalva/jwt-go v3.2.0+incompatible h1:7qlOGliEKZXTDg6OTjfoBKDXWrumCAMpl/TFQ4/5kLM=
github.com/dgrijalva/jwt-go v3.2.0+incompatible/go.mod h1:E3ru+11k8xSBh+hMPgOLZmtrrCbhqsmaPHjLKYnJCaQ=
github.com/docker/go-units v0.3.3/go.mod h1:fgPhTUdO+D/Jk86RDLlptpiXQzgHJF7gydDDbaIK4Dk=
github.com/docker/go-units v0.4.0/go.mod h1:fgPhTUdO+D/Jk86RDLlptpiXQzgHJF7gydDDbaIK4Dk=
github.com/donovanhide/eventsource v0.0.0-20171031113327-3ed64d21fb0b h1:eR1P/A4QMYF2/LpHRhYAts9wyYEtF7qNk/tVNiYCWc8=
github.com/donovanhide/eventsource v0.0.0-20171031113327-3ed64d21fb0b/go.mod h1:56wL82FO0bfMU5RvfXoIwSOP2ggqqxT+tAfNEIyxuHw=
github.com/gambol99/go-marathon v0.7.1 h1:/dnwXQ0W0UDScpvmcdjzRz3ssnJ/5ieX/q4Xi/QHOn4=
github.com/gambol99/go-marathon v0.7.1/go.mod h1:GLyXJD41gBO/NPKVPGQbhyyC06eugGy15QEZyUkE2/s=
github.com/globalsign/mgo v0.0.0-20180905125535-1ca0a4f7cbcb/go.mod h1:xkRDCp4j0OGD1HRkm4kmhM+pmpv3AKq5SU7GMg4oO/Q=
github.com/globalsign/mgo v0.0.0-20181015135952-eeefdecb41b8/go.mod h1:xkRDCp4j0OGD1HRkm4kmhM+pmpv3AKq5SU7GMg4oO/Q=
github.com/go-openapi/analysis v0.0.0-20180825180245-b006789cd277/go.mod h1:k70tL6pCuVxPJOHXQ+wIac1FUrvNkHolPie/cLEU6hI=
github.com/go-openapi/analysis v0.17.0/go.mod h1:IowGgpVeD0vNm45So8nr+IcQ3pxVtpRoBWb8PVZO0ik=
github.com/go-openapi/analysis v0.17.2/go.mod h1:IowGgpVeD0vNm45So8nr+IcQ3pxVtpRoBWb8PVZO0ik=
github.com/go-openapi/analysis v0.18.0/go.mod h1:IowGgpVeD0vNm45So8nr+IcQ3pxVtpRoBWb8PVZO0ik=
github.com/go-openapi/analysis v0.19.0/go.mod h1:IowGgpVeD0vNm45So8nr+IcQ3pxVtpRoBWb8PVZO0ik=
github.com/go-openapi/errors v0.17.0/go.mod h1:LcZQpmvG4wyF5j4IhA73wkLFQg+QJXOQHVjmcZxhka0=
github.com/go-openapi/errors v0.17.2/go.mod h1:LcZQpmvG4wyF5j4IhA73wkLFQg+QJXOQHVjmcZxhka0=
github.com/go-openapi/errors v0.18.0/go.mod h1:LcZQpmvG4wyF5j4IhA73wkLFQg+QJXOQHVjmcZxhka0=
github.com/go-openapi/errors v0.19.0/go.mod h1:LcZQpmvG4wyF5j4IhA73wkLFQg+QJXOQHVjmcZxhka0=
github.com/go-openapi/jsonpointer v0.17.0/go.mod h1:cOnomiV+CVVwFLk0A/MExoFMjwdsUdVpsRhURCKh+3M=
github.com/go-openapi/jsonpointer v0.17.2/go.mod h1:cOnomiV+CVVwFLk0A/MExoFMjwdsUdVpsRhURCKh+3M=
github.com/go-openapi/jsonpointer v0.18.0/go.mod h1:cOnomiV+CVVwFLk0A/MExoFMjwdsUdVpsRhURCKh+3M=
github.com/go-openapi/jsonpointer v0.19.0/go.mod h1:cOnomiV+CVVwFLk0A/MExoFMjwdsUdVpsRhURCKh+3M=
github.com/go-openapi/jsonreference v0.17.0/go.mod h1:g4xxGn04lDIRh0GJb5QlpE3HfopLOL6uZrK/VgnsK9I=
github.com/go-openapi/jsonreference v0.17.2/go.mod h1:g4xxGn04lDIRh0GJb5QlpE3HfopLOL6uZrK/VgnsK9I=
github.com/go-openapi/jsonreference v0.18.0/go.mod h1:g4xxGn04lDIRh0GJb5QlpE3HfopLOL6uZrK/VgnsK9I=
github.com/go-openapi/jsonreference v0.19.0/go.mod h1:g4xxGn04lDIRh0GJb5QlpE3HfopLOL6uZrK/VgnsK9I=
github.com/go-openapi/loads v0.17.0/go.mod h1:72tmFy5wsWx89uEVddd0RjRWPZm92WRLhf7AC+0+OOU=
github.com/go-openapi/loads v0.17.2/go.mod h1:72tmFy5wsWx89uEVddd0RjRWPZm92WRLhf7AC+0+OOU=
github.com/go-openapi/loads v0.18.0/go.mod h1:72tmFy5wsWx89uEVddd0RjRWPZm92WRLhf7AC+0+OOU=
github.com/go-openapi/loads v0.19.0/go.mod h1:72tmFy5wsWx89uEVddd0RjRWPZm92WRLhf7AC+0+OOU=
github.com/go-openapi/runtime v0.0.0-20180920151709-4f900dc2ade9/go.mod h1:6v9a6LTXWQCdL8k1AO3cvqx5OtZY/Y9wKTgaoP6YRfA=
github.com/go-openapi/runtime v0.18.0/go.mod h1:uI6pHuxWYTy94zZxgcwJkUWa9wbIlhteGfloI10GD4U=
github.com/go-openapi/runtime v0.19.0/go.mod h1:OwNfisksmmaZse4+gpV3Ne9AyMOlP1lt4sK4FXt0O64=
github.com/go-openapi/spec v0.17.0/go.mod h1:XkF/MOi14NmjsfZ8VtAKf8pIlbZzyoTvZsdfssdxcBI=
github.com/go-openapi/spec v0.17.2/go.mod h1:XkF/MOi14NmjsfZ8VtAKf8pIlbZzyoTvZsdfssdxcBI=
github.com/go-openapi/spec v0.18.0/go.mod h1:XkF/MOi14NmjsfZ8VtAKf8pIlbZzyoTvZsdfssdxcBI=
github.com/go-openapi/spec v0.19.0/go.mod h1:XkF/MOi14NmjsfZ8VtAKf8pIlbZzyoTvZsdfssdxcBI=
github.com/go-openapi/strfmt v0.17.0/go.mod h1:P82hnJI0CXkErkXi8IKjPbNBM6lV6+5pLP5l494TcyU=
github.com/go-openapi/strfmt v0.17.2/go.mod h1:P82hnJI0CXkErkXi8IKjPbNBM6lV6+5pLP5l494TcyU=
github.com/go-openapi/strfmt v0.18.0/go.mod h1:P82hnJI0CXkErkXi8IKjPbNBM6lV6+5pLP5l494TcyU=
github.com/go-openapi/strfmt v0.19.0/go.mod h1:+uW+93UVvGGq2qGaZxdDeJqSAqBqBdl+ZPMF/cC8nDY=
github.com/go-openapi/swag v0.17.0/go.mod h1:AByQ+nYG6gQg71GINrmuDXCPWdL640yX49/kXLo40Tg=
github.com/go-openapi/swag v0.17.2/go.mod h1:AByQ+nYG6gQg71GINrmuDXCPWdL640yX49/kXLo40Tg=
github.com/go-openapi/swag v0.18.0/go.mod h1:AByQ+nYG6gQg71GINrmuDXCPWdL640yX49/kXLo40Tg=
github.com/go-openapi/swag v0.19.0/go.mod h1:AByQ+nYG6gQg71GINrmuDXCPWdL640yX49/kXLo40Tg=
github.com/go-openapi/validate v0.17.2/go.mod h1:Uh4HdOzKt19xGIGm1qHf/ofbX1YQ4Y+MYsct2VUrAJ4=
github.com/go-openapi/validate v0.18.0/go.mod h1:Uh4HdOzKt19xGIGm1qHf/ofbX1YQ4Y+MYsct2VUrAJ4=
github.com/go-openapi/validate v0.19.0/go.mod h1:Uh4HdOzKt19xGIGm1qHf/ofbX1YQ4Y+MYsct2VUrAJ4=
github.com/google/go-querystring v1.0.0 h1:Xkwi/a1rcvNg1PPYe5vI8GbeBY/jrVuDX5ASuANWTrk=
github.com/google/go-querystring v1.0.0/go.mod h1:odCYkC5MyYFN7vkCjXpyrEuKhc/BUO6wN/zVPAxq5ck=
github.com/google/uuid v1.0.0/go.mod h1:TIyPZe4MgqvfeYDBFedMoGGpEw/LqOeaOT+nhxU+yHo=
github.com/google/uuid v1.1.0/go.mod h1:TIyPZe4MgqvfeYDBFedMoGGpEw/LqOeaOT+nhxU+yHo=
github.com/google/uuid v1.1.1/go.mod h1:TIyPZe4MgqvfeYDBFedMoGGpEw/LqOeaOT+nhxU+yHo=
github.com/hashicorp/go-version v1.2.0 h1:3vNe/fWF5CBgRIguda1meWhsZHy3m8gCJ5wx+dIzX/E=
github.com/hashicorp/go-version v1.2.0/go.mod h1:fltr4n8CU8Ke44wwGCBoEymUuxUHl09ZGVZPK5anwXA=
github.com/inconshreveable/mousetrap v1.0.0 h1:Z8tu5sraLXCXIcARxBp/8cbvlwVa7Z1NHg9XEKhtSvM=
github.com/inconshreveable/mousetrap v1.0.0/go.mod h1:PxqpIevigyE2G7u3NXJIT2ANytuPF1OarO4DADm73n8=
github.com/konsorten/go-windows-terminal-sequences v1.0.1/go.mod h1:T0+1ngSBFLxvqU3pZ+m/2kptfBszLMUkC4ZK/EgS/cQ=
github.com/konsorten/go-windows-terminal-sequences v1.0.2 h1:DB17ag19krx9CFsz4o3enTrPXyIXCl+2iCXH/aMAp9s=
github.com/konsorten/go-windows-terminal-sequences v1.0.2/go.mod h1:T0+1ngSBFLxvqU3pZ+m/2kptfBszLMUkC4ZK/EgS/cQ=
github.com/kr/pretty v0.1.0/go.mod h1:dAy3ld7l9f0ibDNOQOHHMYYIIbhfbHSm3C4ZsoJORNo=
github.com/kr/pty v1.1.1/go.mod h1:pFQYn66WHrOpPYNljwOMqo10TkYh1fy3cYio2l3bCsQ=
github.com/kr/pty v1.1.4/go.mod h1:pFQYn66WHrOpPYNljwOMqo10TkYh1fy3cYio2l3bCsQ=
github.com/kr/text v0.1.0/go.mod h1:4Jbv+DJW3UT/LiOwJeYQe1efqtUx/iVham/4vfdArNI=
github.com/mailru/easyjson v0.0.0-20180823135443-60711f1a8329/go.mod h1:C1wdFJiN94OJF2b5HbByQZoLdCWB1Yqtg26g4irojpc=
github.com/mailru/easyjson v0.0.0-20190312143242-1de009706dbe/go.mod h1:C1wdFJiN94OJF2b5HbByQZoLdCWB1Yqtg26g4irojpc=
github.com/mailru/easyjson v0.0.0-20190403194419-1ea4449da983/go.mod h1:C1wdFJiN94OJF2b5HbByQZoLdCWB1Yqtg26g4irojpc=
github.com/mattn/go-isatty v0.0.4 h1:bnP0vzxcAdeI1zdubAl5PjU6zsERjGZb7raWodagDYs=
github.com/mattn/go-isatty v0.0.4/go.mod h1:M+lRXTBqGeGNdLjl/ufCoiOlB5xdOkqRJdNxMWT7Zi4=
github.com/mattn/go-runewidth v0.0.2 h1:UnlwIPBGaTZfPQ6T1IGzPI0EkYAQmT9fAEJ/poFC63o=
github.com/mattn/go-runewidth v0.0.2/go.mod h1:LwmH8dsx7+W8Uxz3IHJYH5QSwggIsqBzpuz5H//U1FU=
github.com/mitchellh/go-homedir v0.0.0-20180801233206-58046073cbff h1:jM4Eo4qMmmcqePS3u6X2lcEELtVuXWkWJIS/pRI3oSk=
github.com/mitchellh/go-homedir v0.0.0-20180801233206-58046073cbff/go.mod h1:SfyaCUpYCn1Vlf4IUYiD9fPX4A5wJrkLzIz1N1q0pr0=
github.com/mitchellh/go-homedir v1.1.0 h1:lukF9ziXFxDFPkA1vsr5zpc1XuPDn/wFntq5mG+4E0Y=
github.com/mitchellh/go-homedir v1.1.0/go.mod h1:SfyaCUpYCn1Vlf4IUYiD9fPX4A5wJrkLzIz1N1q0pr0=
github.com/mitchellh/mapstructure v1.1.2/go.mod h1:FVVH3fgwuzCH5S8UJGiWEs2h04kUh9fWfEaFds41c1Y=
github.com/olekukonko/tablewriter v0.0.0-20180130162743-b8a9be070da4 h1:Mm4XQCBICntJzH8fKglsRuEiFUJYnTnM4BBFvpP5BWs=
github.com/olekukonko/tablewriter v0.0.0-20180130162743-b8a9be070da4/go.mod h1:vsDQFd/mU46D+Z4whnwzcISnGGzXWMclvtLoiIKAKIo=
github.com/pborman/uuid v1.2.0/go.mod h1:X/NO0urCmaxf9VXbdlT7C2Yzkj2IKimNn4k+gtPdI/k=
github.com/pelletier/go-toml v1.1.0 h1:cmiOvKzEunMsAxyhXSzpL5Q1CRKpVv0KQsnAIcSEVYM=
github.com/pelletier/go-toml v1.1.0/go.mod h1:5z9KED0ma1S8pY6P1sdut58dfprrGBbd/94hg7ilaic=
github.com/pelletier/go-toml v1.2.0/go.mod h1:5z9KED0ma1S8pY6P1sdut58dfprrGBbd/94hg7ilaic=
github.com/pelletier/go-toml v1.3.0 h1:e5+lF2E4Y2WCIxBefVowBuB0iHrUH4HZ8q+6mGF7fJc=
github.com/pelletier/go-toml v1.3.0/go.mod h1:PN7xzY2wHTK0K9p34ErDQMlFxa51Fk0OUruD3k1mMwo=
github.com/pelletier/go-toml v1.4.0 h1:u3Z1r+oOXJIkxqw34zVhyPgjBsm6X2wn21NWs/HfSeg=
github.com/pelletier/go-toml v1.4.0/go.mod h1:PN7xzY2wHTK0K9p34ErDQMlFxa51Fk0OUruD3k1mMwo=
github.com/pmezard/go-difflib v1.0.0 h1:4DBwDE0NGyQoBHbLQYPwSUPoCMWR5BEzIk/f1lZbAQM=
github.com/pmezard/go-difflib v1.0.0/go.mod h1:iKH77koFhYxTK1pcRnkKkqfTogsbg7gZNVY4sRDYZ/4=
github.com/rs/cors v1.7.0 h1:+88SsELBHx5r+hZ8TCkggzSstaWNbDvThkVK8H6f9ik=
github.com/rs/cors v1.7.0/go.mod h1:gFx+x8UowdsKA9AchylcLynDq+nNFfI8FkUZdN/jGCU=
github.com/sirupsen/logrus v1.0.5 h1:8c8b5uO0zS4X6RPl/sd1ENwSkIc0/H2PaHxE3udaE8I=
github.com/sirupsen/logrus v1.0.5/go.mod h1:pMByvHTf9Beacp5x1UXfOR9xyW/9antXMhjMPG0dEzc=
github.com/sirupsen/logrus v1.3.0/go.mod h1:LxeOpSwHxABJmUn/MG1IvRgCAasNZTLOkJPxbbu5VWo=
github.com/sirupsen/logrus v1.4.1 h1:GL2rEmy6nsikmW0r8opw9JIRScdMF5hA8cOYLH7In1k=
github.com/sirupsen/logrus v1.4.1/go.mod h1:ni0Sbl8bgC9z8RoU9G6nDWqqs/fq4eDPysMBDgk/93Q=
github.com/spf13/afero v1.1.0 h1:bopulORc2JeYaxfHLvJa5NzxviA9PoWhpiiJkru7Ji4=
github.com/spf13/afero v1.1.0/go.mod h1:j4pytiNVoe2o6bmDsKpLACNPDBIoEAkihy7loJ1B0CQ=
github.com/spf13/afero v1.2.1/go.mod h1:9ZxEEn6pIJ8Rxe320qSDBk6AsU0r9pR7Q4OcevTdifk=
github.com/spf13/afero v1.2.2 h1:5jhuqJyZCZf2JRofRvN/nIFgIWNzPa3/Vz8mYylgbWc=
github.com/spf13/afero v1.2.2/go.mod h1:9ZxEEn6pIJ8Rxe320qSDBk6AsU0r9pR7Q4OcevTdifk=
github.com/spf13/cast v1.2.0 h1:HHl1DSRbEQN2i8tJmtS6ViPyHx35+p51amrdsiTCrkg=
github.com/spf13/cast v1.2.0/go.mod h1:r2rcYCSwa1IExKTDiTfzaxqT2FNHs8hODu4LnUfgKEg=
github.com/spf13/cast v1.3.0 h1:oget//CVOEoFewqQxwr0Ej5yjygnqGkvggSE/gB35Q8=
github.com/spf13/cast v1.3.0/go.mod h1:Qx5cxh0v+4UWYiBimWS+eyWzqEqokIECu5etghLkUJE=
github.com/spf13/cobra v0.0.2 h1:NfkwRbgViGoyjBKsLI0QMDcuMnhM+SBg3T0cGfpvKDE=
github.com/spf13/cobra v0.0.2/go.mod h1:1l0Ry5zgKvJasoi3XT1TypsSe7PqH0Sj9dhYf7v3XqQ=
github.com/spf13/pflag v1.0.1 h1:aCvUg6QPl3ibpQUxyLkrEkCHtPqYJL4x9AuhqVqFis4=
github.com/spf13/pflag v1.0.1/go.mod h1:DYY7MBk1bdzusC3SYhjObp+wFpr4gzcvqqNjLnInEg4=
github.com/stretchr/objx v0.1.0/go.mod h1:HFkY916IF+rwdDfMAkV7OtwuqBVzrE8GR6GFx+wExME=
github.com/stretchr/objx v0.1.1/go.mod h1:HFkY916IF+rwdDfMAkV7OtwuqBVzrE8GR6GFx+wExME=
github.com/stretchr/objx v0.2.0 h1:Hbg2NidpLE8veEBkEZTL3CvlkUIVzuU9jDplZO54c48=
github.com/stretchr/objx v0.2.0/go.mod h1:qt09Ya8vawLte6SNmTgCsAVtYtaKzEcn8ATUoHMkEqE=
github.com/stretchr/testify v1.2.1 h1:52QO5WkIUcHGIR7EnGagH88x1bUzqGXTC5/1bDTUQ7U=
github.com/stretchr/testify v1.2.1/go.mod h1:a8OnRcib4nhh0OaRAV+Yts87kKdq0PP7pXfy6kDkUVs=
github.com/stretchr/testify v1.2.2/go.mod h1:a8OnRcib4nhh0OaRAV+Yts87kKdq0PP7pXfy6kDkUVs=
github.com/stretchr/testify v1.3.0 h1:TivCn/peBQ7UY8ooIcPgZFpTNSz0Q2U6UrFlUfqbe0Q=
github.com/stretchr/testify v1.3.0/go.mod h1:M5WIy9Dh21IEIfnGCwXGc5bZfKNJtfHm1UVUgZn+9EI=
github.com/stretchr/testify v1.6.0 h1:jlIyCplCJFULU/01vCkhKuTyc3OorI3bJFuw6obfgho=
github.com/stretchr/testify v1.6.0/go.mod h1:6Fq8oRcR53rry900zMqJjRRixrwX3KX962/h/Wwjteg=
github.com/vbauerster/mpb v3.3.3+incompatible h1:4Z/exoN1+T4SKkYQbv5gcszEKnbw3IJ75q3OkoRvu1E=
github.com/vbauerster/mpb v3.3.3+incompatible/go.mod h1:zAHG26FUhVKETRu+MWqYXcI70POlC6N8up9p1dID7SU=
github.com/vbauerster/mpb v3.4.0+incompatible h1:mfiiYw87ARaeRW6x5gWwYRUawxaW1tLAD8IceomUCNw=
github.com/vbauerster/mpb v3.4.0+incompatible/go.mod h1:zAHG26FUhVKETRu+MWqYXcI70POlC6N8up9p1dID7SU=
golang.org/x/crypto v0.0.0-20180411161317-d6449816ce06 h1:EOqG0JqGlLr+punVB69jvWCv/ErZKGlC7PMdyHfv+Bc=
golang.org/x/crypto v0.0.0-20180411161317-d6449816ce06/go.mod h1:6SG95UA2DQfeDnfUPMdvaQW0Q7yPrPDi9nlGo2tz2b4=
golang.org/x/crypto v0.0.0-20180904163835-0709b304e793/go.mod h1:6SG95UA2DQfeDnfUPMdvaQW0Q7yPrPDi9nlGo2tz2b4=
golang.org/x/crypto v0.0.0-20190308221718-c2843e01d9a2/go.mod h1:djNgcEr1/C05ACkg1iLfiJU5Ep61QUkGW8qpdssI0+w=
golang.org/x/crypto v0.0.0-20190320223903-b7391e95e576/go.mod h1:djNgcEr1/C05ACkg1iLfiJU5Ep61QUkGW8qpdssI0+w=
golang.org/x/crypto v0.0.0-20190417174047-f416ebab96af h1:6qGQw30u837TXZbCmLFR9AVA+RjJU1LIbvk0oIkDZGY=
golang.org/x/crypto v0.0.0-20190417174047-f416ebab96af/go.mod h1:WFFai1msRO1wXaEeE5yQxYXgSfI8pQAWXbQop6sCtWE=
golang.org/x/crypto v0.0.0-20190506204251-e1dfcc566284 h1:rlLehGeYg6jfoyz/eDqDU1iRXLKfR42nnNh57ytKEWo=
golang.org/x/crypto v0.0.0-20190506204251-e1dfcc566284/go.mod h1:yigFU9vqHzYiE8UmvKecakEJjdnWj3jj499lnFckfCI=
golang.org/x/net v0.0.0-20181005035420-146acd28ed58/go.mod h1:mL1N/T3taQHkDXs73rZJwtUhF3w3ftmwwsq0BUmARs4=
golang.org/x/net v0.0.0-20181201002055-351d144fa1fc/go.mod h1:mL1N/T3taQHkDXs73rZJwtUhF3w3ftmwwsq0BUmARs4=
golang.org/x/net v0.0.0-20190311183353-d8887717615a/go.mod h1:t9HGtf8HONx5eT2rtn7q6eTqICYqUVnKs3thJo3Qplg=
golang.org/x/net v0.0.0-20190320064053-1272bf9dcd53/go.mod h1:t9HGtf8HONx5eT2rtn7q6eTqICYqUVnKs3thJo3Qplg=
golang.org/x/net v0.0.0-20190404232315-eb5bcb51f2a3/go.mod h1:t9HGtf8HONx5eT2rtn7q6eTqICYqUVnKs3thJo3Qplg=
golang.org/x/net v0.0.0-20190415214537-1da14a5a36f2/go.mod h1:t9HGtf8HONx5eT2rtn7q6eTqICYqUVnKs3thJo3Qplg=
golang.org/x/net v0.0.0-20190503192946-f4e77d36d62c/go.mod h1:t9HGtf8HONx5eT2rtn7q6eTqICYqUVnKs3thJo3Qplg=
golang.org/x/sync v0.0.0-20190423024810-112230192c58/go.mod h1:RxMgew5VJxzue5/jJTE5uejpjVlOe/izrB70Jof72aM=
golang.org/x/sys v0.0.0-20180417080122-b126b21c05a9 h1:zC34QvJe4jA28nBG7zPl4Y8ETiSjS3ag0NJFTGYqDb8=
golang.org/x/sys v0.0.0-20180417080122-b126b21c05a9/go.mod h1:STP8DvDyc/dI5b8T5hshtkjS+E42TnysNCUPdjciGhY=
golang.org/x/sys v0.0.0-20180905080454-ebe1bf3edb33/go.mod h1:STP8DvDyc/dI5b8T5hshtkjS+E42TnysNCUPdjciGhY=
golang.org/x/sys v0.0.0-20190215142949-d0b11bdaac8a/go.mod h1:STP8DvDyc/dI5b8T5hshtkjS+E42TnysNCUPdjciGhY=
golang.org/x/sys v0.0.0-20190321052220-f7bb7a8bee54/go.mod h1:h1NjWce9XRLGQEsW7wpKNCjG9DtNlClVuFLEZdDNbEs=
golang.org/x/sys v0.0.0-20190403152447-81d4e9dc473e/go.mod h1:h1NjWce9XRLGQEsW7wpKNCjG9DtNlClVuFLEZdDNbEs=
golang.org/x/sys v0.0.0-20190412213103-97732733099d/go.mod h1:h1NjWce9XRLGQEsW7wpKNCjG9DtNlClVuFLEZdDNbEs=
golang.org/x/sys v0.0.0-20190416152802-12500544f89f h1:1ZH9RnjNgLzh6YrsRp/c6ddZ8Lq0fq9xztNOoWJ2sz4=
golang.org/x/sys v0.0.0-20190416152802-12500544f89f/go.mod h1:h1NjWce9XRLGQEsW7wpKNCjG9DtNlClVuFLEZdDNbEs=
golang.org/x/sys v0.0.0-20190508220229-2d0786266e9c h1:hDn6jm7snBX2O7+EeTk6Q4WXJfKt7MWgtiCCRi1rBoY=
golang.org/x/sys v0.0.0-20190508220229-2d0786266e9c/go.mod h1:h1NjWce9XRLGQEsW7wpKNCjG9DtNlClVuFLEZdDNbEs=
golang.org/x/text v0.3.0 h1:g61tztE5qeGQ89tm6NTjjM9VPIm088od1l6aSorWRWg=
golang.org/x/text v0.3.0/go.mod h1:NqM8EUOU14njkJ3fqMW+pc6Ldnwhi/IjpwHt7yyuwOQ=
golang.org/x/text v0.3.2 h1:tW2bmiBqwgJj/UpqtC8EpXEZVYOwU0yG4iWbprSVAcs=
golang.org/x/text v0.3.2/go.mod h1:bEr9sfX3Q8Zfm5fL9x+3itogRgK3+ptLWKqgva+5dAk=
golang.org/x/tools v0.0.0-20180917221912-90fa682c2a6e/go.mod h1:n7NCudcB/nEzxVGmLbDWY5pfWTLqBcC2KZ6jyYvM4mQ=
golang.org/x/tools v0.0.0-20190509014725-d996b19ee77c/go.mod h1:RgjU9mgBXZiqYHBnxXauZ1Gv1EHHAz9KjViQ78xBX0Q=
gopkg.in/check.v1 v0.0.0-20161208181325-20d25e280405/go.mod h1:Co6ibVJAznAaIkqp8huTwlJQCZ016jof/cbN4VW5Yz0=
gopkg.in/check.v1 v1.0.0-20180628173108-788fd7840127/go.mod h1:Co6ibVJAznAaIkqp8huTwlJQCZ016jof/cbN4VW5Yz0=
gopkg.in/square/go-jose.v2 v2.3.1 h1:SK5KegNXmKmqE342YYN2qPHEnUYeoMiXXl1poUlI+o4=
gopkg.in/square/go-jose.v2 v2.3.1/go.mod h1:M9dMgbHiYLoDGQrXy7OpJDJWiKiU//h+vD76mk0e1AI=
gopkg.in/yaml.v2 v2.2.1/go.mod h1:hI93XBmqTisBFMUTm0b8Fm+jr3Dg1NNxqwp+5A1VGuI=
gopkg.in/yaml.v2 v2.2.2/go.mod h1:hI93XBmqTisBFMUTm0b8Fm+jr3Dg1NNxqwp+5A1VGuI=
gopkg.in/yaml.v3 v3.0.0-20200313102051-9f266ea9e77c h1:dUUwHk2QECo/6vqA44rthZ8ie2QXMNeKRTHCNY2nXvo=
gopkg.in/yaml.v3 v3.0.0-20200313102051-9f266ea9e77c/go.mod h1:K4uyk7z7BCEPqu6E+C64Yfv1cQ7kz7rIZviUmN+EgEM=
